
Microsoft Visual Studio Solution File, Format Version 11.00
# Visual Studio 2010
Project("{FAE04EC0-301F-11D3-BF4B-00C04F79EFBC}") = "XNACamera", "XNACamera.csproj", "{FCF98224-8B52-4007-B799-DF2ECFD12E7F}"
EndProject
Project("{FAE04EC0-301F-11D3-BF4B-00C04F79EFBC}") = "XNACameraContent", "Content\XNACameraContent.contentproj", "{4410C8D3-D6B8-45A2-8A04-1B75F518BE6C}"
EndProject
Global
	GlobalSection(SolutionConfigurationPlatforms) = preSolution
		Debug|x86 = Debug|x86
		Release|x86 = Release|x86
	EndGlobalSection
	GlobalSection(ProjectConfigurationPlatforms) = postSolution
		{FCF98224-8B52-4007-B799-DF2ECFD12E7F}.Debug|x86.ActiveCfg = Debug|x86
		{FCF98224-8B52-4007-B799-DF2ECFD12E7F}.Debug|x86.Build.0 = Debug|x86
		{FCF98224-8B52-4007-B799-DF2ECFD12E7F}.Release|x86.ActiveCfg = Release|x86
		{FCF98224-8B52-4007-B799-DF2ECFD12E7F}.Release|x86.Build.0 = Release|x86
		{4410C8D3-D6B8-45A2-8A04-1B75F518BE6C}.Debug|x86.ActiveCfg = Debug|x86
		{4410C8D3-D6B8-45A2-8A04-1B75F518BE6C}.Release|x86.ActiveCfg = Release|x86
	EndGlobalSection
	GlobalSection(SolutionProperties) = preSolution
		HideSolutionNode = FALSE
	EndGlobalSection
	GlobalSection(ExtensibilityGlobals) = postSolution
		VisualSVNWorkingCopyRoot = .
	EndGlobalSection
EndGlobal
